
Microsoft Visual Studio Solution File, Format Version 12.00
# Visual Studio Version 16
VisualStudioVersion = 16.0.30204.135
MinimumVisualStudioVersion = 10.0.40219.1
Project("{FAE04EC0-301F-11D3-BF4B-00C04F79EFBC}") = "DynamicUIBuilder.UWP", "DynamicUIBuilder.UWP\DynamicUIBuilder.UWP.csproj", "{C03A6CBF-8461-49EE-B0C3-19DC72EB6114}"
EndProject
Project("{FAE04EC0-301F-11D3-BF4B-00C04F79EFBC}") = "DynamicUIBuilder.Android", "DynamicUIBuilder.Android\DynamicUIBuilder.Android.csproj", "{235A5595-A911-4C66-9A08-2ACBFBEECFFB}"
EndProject
Project("{FAE04EC0-301F-11D3-BF4B-00C04F79EFBC}") = "DynamicUIBuilder.iOS", "DynamicUIBuilder.iOS\DynamicUIBuilder.iOS.csproj", "{C44F7814-A26C-47BB-BF05-D059A77E1BFC}"
EndProject
Project("{FAE04EC0-301F-11D3-BF4B-00C04F79EFBC}") = "DynamicUIBuilder", "DynamicUIBuilder\DynamicUIBuilder.csproj", "{9221D4A4-D967-457F-B3A6-74B1D9E2D249}"
EndProject
Global
	GlobalSection(SolutionConfigurationPlatforms) = preSolution
		Debug|Any CPU = Debug|Any CPU
		Debug|ARM = Debug|ARM
		Debug|iPhone = Debug|iPhone
		Debug|iPhoneSimulator = Debug|iPhoneSimulator
		Debug|x64 = Debug|x64
		Debug|x86 = Debug|x86
		Release|Any CPU = Release|Any CPU
		Release|ARM = Release|ARM
		Release|iPhone = Release|iPhone
		Release|iPhoneSimulator = Release|iPhoneSimulator
		Release|x64 = Release|x64
		Release|x86 = Release|x86
	EndGlobalSection
	GlobalSection(ProjectConfigurationPlatforms) = postSolution
		{C03A6CBF-8461-49EE-B0C3-19DC72EB6114}.Debug|Any CPU.ActiveCfg = Debug|x86
		{C03A6CBF-8461-49EE-B0C3-19DC72EB6114}.Debug|Any CPU.Build.0 = Debug|x86
		{C03A6CBF-8461-49EE-B0C3-19DC72EB6114}.Debug|Any CPU.Deploy.0 = Debug|x86
		{C03A6CBF-8461-49EE-B0C3-19DC72EB6114}.Debug|ARM.ActiveCfg = Debug|ARM
		{C03A6CBF-8461-49EE-B0C3-19DC72EB6114}.Debug|ARM.Build.0 = Debug|ARM
		{C03A6CBF-8461-49EE-B0C3-19DC72EB6114}.Debug|ARM.Deploy.0 = Debug|ARM
		{C03A6CBF-8461-49EE-B0C3-19DC72EB6114}.Debug|iPhone.ActiveCfg = Debug|x86
		{C03A6CBF-8461-49EE-B0C3-19DC72EB6114}.Debug|iPhone.Build.0 = Debug|x86
		{C03A6CBF-8461-49EE-B0C3-19DC72EB6114}.Debug|iPhone.Deploy.0 = Debug|x86
		{C03A6CBF-8461-49EE-B0C3-19DC72EB6114}.Debug|iPhoneSimulator.ActiveCfg = Debug|x86
		{C03A6CBF-8461-49EE-B0C3-19DC72EB6114}.Debug|iPhoneSimulator.Build.0 = Debug|x86
		{C03A6CBF-8461-49EE-B0C3-19DC72EB6114}.Debug|iPhoneSimulator.Deploy.0 = Debug|x86
		{C03A6CBF-8461-49EE-B0C3-19DC72EB6114}.Debug|x64.ActiveCfg = Debug|x64
		{C03A6CBF-8461-49EE-B0C3-19DC72EB6114}.Debug|x64.Build.0 = Debug|x64
		{C03A6CBF-8461-49EE-B0C3-19DC72EB6114}.Debug|x64.Deploy.0 = Debug|x64
		{C03A6CBF-8461-49EE-B0C3-19DC72EB6114}.Debug|x86.ActiveCfg = Debug|x86
		{C03A6CBF-8461-49EE-B0C3-19DC72EB6114}.Debug|x86.Build.0 = Debug|x86
		{C03A6CBF-8461-49EE-B0C3-19DC72EB6114}.Debug|x86.Deploy.0 = Debug|x86
		{C03A6CBF-8461-49EE-B0C3-19DC72EB6114}.Release|Any CPU.ActiveCfg = Release|x86
		{C03A6CBF-8461-49EE-B0C3-19DC72EB6114}.Release|Any CPU.Build.0 = Release|x86
		{C03A6CBF-8461-49EE-B0C3-19DC72EB6114}.Release|Any CPU.Deploy.0 = Release|x86
		{C03A6CBF-8461-49EE-B0C3-19DC72EB6114}.Release|ARM.ActiveCfg = Release|ARM
		{C03A6CBF-8461-49EE-B0C3-19DC72EB6114}.Release|ARM.Build.0 = Release|ARM
		{C03A6CBF-8461-49EE-B0C3-19DC72EB6114}.Release|ARM.Deploy.0 = Release|ARM
		{C03A6CBF-8461-49EE-B0C3-19DC72EB6114}.Release|iPhone.ActiveCfg = Release|x86
		{C03A6CBF-8461-49EE-B0C3-19DC72EB6114}.Release|iPhone.Build.0 = Release|x86
		{C03A6CBF-8461-49EE-B0C3-19DC72EB6114}.Release|iPhone.Deploy.0 = Release|x86
		{C03A6CBF-8461-49EE-B0C3-19DC72EB6114}.Release|iPhoneSimulator.ActiveCfg = Release|x86
		{C03A6CBF-8461-49EE-B0C3-19DC72EB6114}.Release|iPhoneSimulator.Build.0 = Release|x86
		{C03A6CBF-8461-49EE-B0C3-19DC72EB6114}.Release|iPhoneSimulator.Deploy.0 = Release|x86
		{C03A6CBF-8461-49EE-B0C3-19DC72EB6114}.Release|x64.ActiveCfg = Release|x64
		{C03A6CBF-8461-49EE-B0C3-19DC72EB6114}.Release|x64.Build.0 = Release|x64
		{C03A6CBF-8461-49EE-B0C3-19DC72EB6114}.Release|x64.Deploy.0 = Release|x64
		{C03A6CBF-8461-49EE-B0C3-19DC72EB6114}.Release|x86.ActiveCfg = Release|x86
		{C03A6CBF-8461-49EE-B0C3-19DC72EB6114}.Release|x86.Build.0 = Release|x86
		{C03A6CBF-8461-49EE-B0C3-19DC72EB6114}.Release|x86.Deploy.0 = Release|x86
		{235A5595-A911-4C66-9A08-2ACBFBEECFFB}.Debug|Any CPU.ActiveCfg = Debug|Any CPU
		{235A5595-A911-4C66-9A08-2ACBFBEECFFB}.Debug|Any CPU.Build.0 = Debug|Any CPU
		{235A5595-A911-4C66-9A08-2ACBFBEECFFB}.Debug|Any CPU.Deploy.0 = Debug|Any CPU
		{235A5595-A911-4C66-9A08-2ACBFBEECFFB}.Debug|ARM.ActiveCfg = Debug|Any CPU
		{235A5595-A911-4C66-9A08-2ACBFBEECFFB}.Debug|ARM.Build.0 = Debug|Any CPU
		{235A5595-A911-4C66-9A08-2ACBFBEECFFB}.Debug|ARM.Deploy.0 = Debug|Any CPU
		{235A5595-A911-4C66-9A08-2ACBFBEECFFB}.Debug|iPhone.ActiveCfg = Debug|Any CPU
		{235A5595-A911-4C66-9A08-2ACBFBEECFFB}.Debug|iPhone.Build.0 = Debug|Any CPU
		{235A5595-A911-4C66-9A08-2ACBFBEECFFB}.Debug|iPhone.Deploy.0 = Debug|Any CPU
		{235A5595-A911-4C66-9A08-2ACBFBEECFFB}.Debug|iPhoneSimulator.ActiveCfg = Debug|Any CPU
		{235A5595-A911-4C66-9A08-2ACBFBEECFFB}.Debug|iPhoneSimulator.Build.0 = Debug|Any CPU
		{235A5595-A911-4C66-9A08-2ACBFBEECFFB}.Debug|iPhoneSimulator.Deploy.0 = Debug|Any CPU
		{235A5595-A911-4C66-9A08-2ACBFBEECFFB}.Debug|x64.ActiveCfg = Debug|Any CPU
		{235A5595-A911-4C66-9A08-2ACBFBEECFFB}.Debug|x64.Build.0 = Debug|Any CPU
		{235A5595-A911-4C66-9A08-2ACBFBEECFFB}.Debug|x64.Deploy.0 = Debug|Any CPU
		{235A5595-A911-4C66-9A08-2ACBFBEECFFB}.Debug|x86.ActiveCfg = Debug|Any CPU
		{235A5595-A911-4C66-9A08-2ACBFBEECFFB}.Debug|x86.Build.0 = Debug|Any CPU
		{235A5595-A911-4C66-9A08-2ACBFBEECFFB}.Debug|x86.Deploy.0 = Debug|Any CPU
		{235A5595-A911-4C66-9A08-2ACBFBEECFFB}.Release|Any CPU.ActiveCfg = Release|Any CPU
		{235A5595-A911-4C66-9A08-2ACBFBEECFFB}.Release|Any CPU.Build.0 = Release|Any CPU
		{235A5595-A911-4C66-9A08-2ACBFBEECFFB}.Release|Any CPU.Deploy.0 = Release|Any CPU
		{235A5595-A911-4C66-9A08-2ACBFBEECFFB}.Release|ARM.ActiveCfg = Release|Any CPU
		{235A5595-A911-4C66-9A08-2ACBFBEECFFB}.Release|ARM.Build.0 = Release|Any CPU
		{235A5595-A911-4C66-9A08-2ACBFBEECFFB}.Release|ARM.Deploy.0 = Release|Any CPU
		{235A5595-A911-4C66-9A08-2ACBFBEECFFB}.Release|iPhone.ActiveCfg = Release|Any CPU
		{235A5595-A911-4C66-9A08-2ACBFBEECFFB}.Release|iPhone.Build.0 = Release|Any CPU
		{235A5595-A911-4C66-9A08-2ACBFBEECFFB}.Release|iPhone.Deploy.0 = Release|Any CPU
		{235A5595-A911-4C66-9A08-2ACBFBEECFFB}.Release|iPhoneSimulator.ActiveCfg = Release|Any CPU
		{235A5595-A911-4C66-9A08-2ACBFBEECFFB}.Release|iPhoneSimulator.Build.0 = Release|Any CPU
		{235A5595-A911-4C66-9A08-2ACBFBEECFFB}.Release|iPhoneSimulator.Deploy.0 = Release|Any CPU
		{235A5595-A911-4C66-9A08-2ACBFBEECFFB}.Release|x64.ActiveCfg = Release|Any CPU
		{235A5595-A911-4C66-9A08-2ACBFBEECFFB}.Release|x64.Build.0 = Release|Any CPU
		{235A5595-A911-4C66-9A08-2ACBFBEECFFB}.Release|x64.Deploy.0 = Release|Any CPU
		{235A5595-A911-4C66-9A08-2ACBFBEECFFB}.Release|x86.ActiveCfg = Release|Any CPU
		{235A5595-A911-4C66-9A08-2ACBFBEECFFB}.Release|x86.Build.0 = Release|Any CPU
		{235A5595-A911-4C66-9A08-2ACBFBEECFFB}.Release|x86.Deploy.0 = Release|Any CPU
		{C44F7814-A26C-47BB-BF05-D059A77E1BFC}.Debug|Any CPU.ActiveCfg = Debug|iPhone
		{C44F7814-A26C-47BB-BF05-D059A77E1BFC}.Debug|Any CPU.Build.0 = Debug|iPhone
		{C44F7814-A26C-47BB-BF05-D059A77E1BFC}.Debug|Any CPU.Deploy.0 = Debug|iPhone
		{C44F7814-A26C-47BB-BF05-D059A77E1BFC}.Debug|ARM.ActiveCfg = Debug|iPhone
		{C44F7814-A26C-47BB-BF05-D059A77E1BFC}.Debug|ARM.Build.0 = Debug|iPhone
		{C44F7814-A26C-47BB-BF05-D059A77E1BFC}.Debug|ARM.Deploy.0 = Debug|iPhone
		{C44F7814-A26C-47BB-BF05-D059A77E1BFC}.Debug|iPhone.ActiveCfg = Debug|iPhone
		{C44F7814-A26C-47BB-BF05-D059A77E1BFC}.Debug|iPhone.Build.0 = Debug|iPhone
		{C44F7814-A26C-47BB-BF05-D059A77E1BFC}.Debug|iPhone.Deploy.0 = Debug|iPhone
		{C44F7814-A26C-47BB-BF05-D059A77E1BFC}.Debug|iPhoneSimulator.ActiveCfg = Debug|iPhoneSimulator
		{C44F7814-A26C-47BB-BF05-D059A77E1BFC}.Debug|iPhoneSimulator.Build.0 = Debug|iPhoneSimulator
		{C44F7814-A26C-47BB-BF05-D059A77E1BFC}.Debug|iPhoneSimulator.Deploy.0 = Debug|iPhoneSimulator
		{C44F7814-A26C-47BB-BF05-D059A77E1BFC}.Debug|x64.ActiveCfg = Debug|iPhone
		{C44F7814-A26C-47BB-BF05-D059A77E1BFC}.Debug|x64.Build.0 = Debug|iPhone
		{C44F7814-A26C-47BB-BF05-D059A77E1BFC}.Debug|x64.Deploy.0 = Debug|iPhone
		{C44F7814-A26C-47BB-BF05-D059A77E1BFC}.Debug|x86.ActiveCfg = Debug|iPhone
		{C44F7814-A26C-47BB-BF05-D059A77E1BFC}.Debug|x86.Build.0 = Debug|iPhone
		{C44F7814-A26C-47BB-BF05-D059A77E1BFC}.Debug|x86.Deploy.0 = Debug|iPhone
		{C44F7814-A26C-47BB-BF05-D059A77E1BFC}.Release|Any CPU.ActiveCfg = Release|iPhone
		{C44F7814-A26C-47BB-BF05-D059A77E1BFC}.Release|Any CPU.Build.0 = Release|iPhone
		{C44F7814-A26C-47BB-BF05-D059A77E1BFC}.Release|Any CPU.Deploy.0 = Release|iPhone
		{C44F7814-A26C-47BB-BF05-D059A77E1BFC}.Release|ARM.ActiveCfg = Release|iPhone
		{C44F7814-A26C-47BB-BF05-D059A77E1BFC}.Release|ARM.Build.0 = Release|iPhone
		{C44F7814-A26C-47BB-BF05-D059A77E1BFC}.Release|ARM.Deploy.0 = Release|iPhone
		{C44F7814-A26C-47BB-BF05-D059A77E1BFC}.Release|iPhone.ActiveCfg = Release|iPhone
		{C44F7814-A26C-47BB-BF05-D059A77E1BFC}.Release|iPhone.Build.0 = Release|iPhone
		{C44F7814-A26C-47BB-BF05-D059A77E1BFC}.Release|iPhone.Deploy.0 = Release|iPhone
		{C44F7814-A26C-47BB-BF05-D059A77E1BFC}.Release|iPhoneSimulator.ActiveCfg = Release|iPhoneSimulator
		{C44F7814-A26C-47BB-BF05-D059A77E1BFC}.Release|iPhoneSimulator.Build.0 = Release|iPhoneSimulator
		{C44F7814-A26C-47BB-BF05-D059A77E1BFC}.Release|iPhoneSimulator.Deploy.0 = Release|iPhoneSimulator
		{C44F7814-A26C-47BB-BF05-D059A77E1BFC}.Release|x64.ActiveCfg = Release|iPhone
		{C44F7814-A26C-47BB-BF05-D059A77E1BFC}.Release|x64.Build.0 = Release|iPhone
		{C44F7814-A26C-47BB-BF05-D059A77E1BFC}.Release|x64.Deploy.0 = Release|iPhone
		{C44F7814-A26C-47BB-BF05-D059A77E1BFC}.Release|x86.ActiveCfg = Release|iPhone
		{C44F7814-A26C-47BB-BF05-D059A77E1BFC}.Release|x86.Build.0 = Release|iPhone
		{C44F7814-A26C-47BB-BF05-D059A77E1BFC}.Release|x86.Deploy.0 = Release|iPhone
		{9221D4A4-D967-457F-B3A6-74B1D9E2D249}.Debug|Any CPU.ActiveCfg = Debug|Any CPU
		{9221D4A4-D967-457F-B3A6-74B1D9E2D249}.Debug|Any CPU.Build.0 = Debug|Any CPU
		{9221D4A4-D967-457F-B3A6-74B1D9E2D249}.Debug|Any CPU.Deploy.0 = Debug|Any CPU
		{9221D4A4-D967-457F-B3A6-74B1D9E2D249}.Debug|ARM.ActiveCfg = Debug|Any CPU
		{9221D4A4-D967-457F-B3A6-74B1D9E2D249}.Debug|ARM.Build.0 = Debug|Any CPU
		{9221D4A4-D967-457F-B3A6-74B1D9E2D249}.Debug|ARM.Deploy.0 = Debug|Any CPU
		{9221D4A4-D967-457F-B3A6-74B1D9E2D249}.Debug|iPhone.ActiveCfg = Debug|Any CPU
		{9221D4A4-D967-457F-B3A6-74B1D9E2D249}.Debug|iPhone.Build.0 = Debug|Any CPU
		{9221D4A4-D967-457F-B3A6-74B1D9E2D249}.Debug|iPhone.Deploy.0 = Debug|Any CPU
		{9221D4A4-D967-457F-B3A6-74B1D9E2D249}.Debug|iPhoneSimulator.ActiveCfg = Debug|Any CPU
		{9221D4A4-D967-457F-B3A6-74B1D9E2D249}.Debug|iPhoneSimulator.Build.0 = Debug|Any CPU
		{9221D4A4-D967-457F-B3A6-74B1D9E2D249}.Debug|iPhoneSimulator.Deploy.0 = Debug|Any CPU
		{9221D4A4-D967-457F-B3A6-74B1D9E2D249}.Debug|x64.ActiveCfg = Debug|Any CPU
		{9221D4A4-D967-457F-B3A6-74B1D9E2D249}.Debug|x64.Build.0 = Debug|Any CPU
		{9221D4A4-D967-457F-B3A6-74B1D9E2D249}.Debug|x64.Deploy.0 = Debug|Any CPU
		{9221D4A4-D967-457F-B3A6-74B1D9E2D249}.Debug|x86.ActiveCfg = Debug|Any CPU
		{9221D4A4-D967-457F-B3A6-74B1D9E2D249}.Debug|x86.Build.0 = Debug|Any CPU
		{9221D4A4-D967-457F-B3A6-74B1D9E2D249}.Debug|x86.Deploy.0 = Debug|Any CPU
		{9221D4A4-D967-457F-B3A6-74B1D9E2D249}.Release|Any CPU.ActiveCfg = Release|Any CPU
		{9221D4A4-D967-457F-B3A6-74B1D9E2D249}.Release|Any CPU.Build.0 = Release|Any CPU
		{9221D4A4-D967-457F-B3A6-74B1D9E2D249}.Release|Any CPU.Deploy.0 = Release|Any CPU
		{9221D4A4-D967-457F-B3A6-74B1D9E2D249}.Release|ARM.ActiveCfg = Release|Any CPU
		{9221D4A4-D967-457F-B3A6-74B1D9E2D249}.Release|ARM.Build.0 = Release|Any CPU
		{9221D4A4-D967-457F-B3A6-74B1D9E2D249}.Release|ARM.Deploy.0 = Release|Any CPU
		{9221D4A4-D967-457F-B3A6-74B1D9E2D249}.Release|iPhone.ActiveCfg = Release|Any CPU
		{9221D4A4-D967-457F-B3A6-74B1D9E2D249}.Release|iPhone.Build.0 = Release|Any CPU
		{9221D4A4-D967-457F-B3A6-74B1D9E2D249}.Release|iPhone.Deploy.0 = Release|Any CPU
		{9221D4A4-D967-457F-B3A6-74B1D9E2D249}.Release|iPhoneSimulator.ActiveCfg = Release|Any CPU
		{9221D4A4-D967-457F-B3A6-74B1D9E2D249}.Release|iPhoneSimulator.Build.0 = Release|Any CPU
		{9221D4A4-D967-457F-B3A6-74B1D9E2D249}.Release|iPhoneSimulator.Deploy.0 = Release|Any CPU
		{9221D4A4-D967-457F-B3A6-74B1D9E2D249}.Release|x64.ActiveCfg = Release|Any CPU
		{9221D4A4-D967-457F-B3A6-74B1D9E2D249}.Release|x64.Build.0 = Release|Any CPU
		{9221D4A4-D967-457F-B3A6-74B1D9E2D249}.Release|x64.Deploy.0 = Release|Any CPU
		{9221D4A4-D967-457F-B3A6-74B1D9E2D249}.Release|x86.ActiveCfg = Release|Any CPU
		{9221D4A4-D967-457F-B3A6-74B1D9E2D249}.Release|x86.Build.0 = Release|Any CPU
		{9221D4A4-D967-457F-B3A6-74B1D9E2D249}.Release|x86.Deploy.0 = Release|Any CPU
	EndGlobalSection
	GlobalSection(SolutionProperties) = preSolution
		HideSolutionNode = FALSE
	EndGlobalSection
	GlobalSection(ExtensibilityGlobals) = postSolution
		SolutionGuid = {26487A9C-C919-4A2E-8BFE-13B88A054D2A}
	EndGlobalSection
EndGlobal
